// !$*UTF8*$!
{
	archiveVersion = 1;
	classes = {
	};
	objectVersion = 56;
	objects = {

/* Begin PBXBuildFile section */
		8E18304D2C7CD695002EEF6B /* AppDelegate.swift in Sources */ = {isa = PBXBuildFile; fileRef = 8E18304C2C7CD695002EEF6B /* AppDelegate.swift */; };
		8E18304F2C7CD695002EEF6B /* SceneDelegate.swift in Sources */ = {isa = PBXBuildFile; fileRef = 8E18304E2C7CD695002EEF6B /* SceneDelegate.swift */; };
		8E1830562C7CD696002EEF6B /* Colors.xcassets in Resources */ = {isa = PBXBuildFile; fileRef = 8E1830552C7CD696002EEF6B /* Colors.xcassets */; };
		8E1830592C7CD696002EEF6B /* Base in Resources */ = {isa = PBXBuildFile; fileRef = 8E1830582C7CD696002EEF6B /* Base */; };
		8E1830642C7CD9F5002EEF6B /* Images.xcassets in Resources */ = {isa = PBXBuildFile; fileRef = 8E1830632C7CD9F5002EEF6B /* Images.xcassets */; };
		8E1830672C7CF918002EEF6B /* BaseViewController.swift in Sources */ = {isa = PBXBuildFile; fileRef = 8E1830662C7CF918002EEF6B /* BaseViewController.swift */; };
		8E1830692C7CF921002EEF6B /* BaseViewModel.swift in Sources */ = {isa = PBXBuildFile; fileRef = 8E1830682C7CF921002EEF6B /* BaseViewModel.swift */; };
		8E18306B2C7CF929002EEF6B /* BaseView.swift in Sources */ = {isa = PBXBuildFile; fileRef = 8E18306A2C7CF929002EEF6B /* BaseView.swift */; };
		8E18306D2C7CFD2F002EEF6B /* UIComponentsContainer.swift in Sources */ = {isa = PBXBuildFile; fileRef = 8E18306C2C7CFD2F002EEF6B /* UIComponentsContainer.swift */; };
		8E18307A2C7CFED7002EEF6B /* Swinject in Frameworks */ = {isa = PBXBuildFile; productRef = 8E1830792C7CFED7002EEF6B /* Swinject */; };
		8E1830802C7D0363002EEF6B /* LoginViewController.swift in Sources */ = {isa = PBXBuildFile; fileRef = 8E18307F2C7D0363002EEF6B /* LoginViewController.swift */; };
		8E1830822C7D0370002EEF6B /* LoginViewModel.swift in Sources */ = {isa = PBXBuildFile; fileRef = 8E1830812C7D0370002EEF6B /* LoginViewModel.swift */; };
		8E1830842C7D037B002EEF6B /* LoginView.swift in Sources */ = {isa = PBXBuildFile; fileRef = 8E1830832C7D037B002EEF6B /* LoginView.swift */; };
		8E1830872C7D1FC1002EEF6B /* SnapKit in Frameworks */ = {isa = PBXBuildFile; productRef = 8E1830862C7D1FC1002EEF6B /* SnapKit */; };
		8E18308B2C7D2455002EEF6B /* Colors.swift in Sources */ = {isa = PBXBuildFile; fileRef = 8E18308A2C7D2455002EEF6B /* Colors.swift */; };
		8E18308D2C7D2602002EEF6B /* Fonts.swift in Sources */ = {isa = PBXBuildFile; fileRef = 8E18308C2C7D2602002EEF6B /* Fonts.swift */; };
		8E1830932C7D27FC002EEF6B /* Ubuntu-Regular.ttf in Resources */ = {isa = PBXBuildFile; fileRef = 8E18308F2C7D27FB002EEF6B /* Ubuntu-Regular.ttf */; };
		8E1830942C7D27FC002EEF6B /* Ubuntu-Light.ttf in Resources */ = {isa = PBXBuildFile; fileRef = 8E1830902C7D27FC002EEF6B /* Ubuntu-Light.ttf */; };
		8E1830952C7D27FC002EEF6B /* Ubuntu-Bold.ttf in Resources */ = {isa = PBXBuildFile; fileRef = 8E1830912C7D27FC002EEF6B /* Ubuntu-Bold.ttf */; };
		8E1830962C7D27FC002EEF6B /* Ubuntu-Medium.ttf in Resources */ = {isa = PBXBuildFile; fileRef = 8E1830922C7D27FC002EEF6B /* Ubuntu-Medium.ttf */; };
		8E1830992C7D2A84002EEF6B /* GradientView.swift in Sources */ = {isa = PBXBuildFile; fileRef = 8E1830982C7D2A84002EEF6B /* GradientView.swift */; };
		8E18309C2C7E3307002EEF6B /* UIView+.swift in Sources */ = {isa = PBXBuildFile; fileRef = 8E18309B2C7E3307002EEF6B /* UIView+.swift */; };
		8E18309E2C7E33A0002EEF6B /* UILabel+.swift in Sources */ = {isa = PBXBuildFile; fileRef = 8E18309D2C7E33A0002EEF6B /* UILabel+.swift */; };
		8E1830A12C7E5AF3002EEF6B /* LifecycleService.swift in Sources */ = {isa = PBXBuildFile; fileRef = 8E1830A02C7E5AF3002EEF6B /* LifecycleService.swift */; };
		8E1830A42C7E5CC1002EEF6B /* RxCocoa in Frameworks */ = {isa = PBXBuildFile; productRef = 8E1830A32C7E5CC1002EEF6B /* RxCocoa */; };
		8E1830A62C7E5CC6002EEF6B /* RxRelay in Frameworks */ = {isa = PBXBuildFile; productRef = 8E1830A52C7E5CC6002EEF6B /* RxRelay */; };
		8E1830A82C7E5CCD002EEF6B /* RxSwift in Frameworks */ = {isa = PBXBuildFile; productRef = 8E1830A72C7E5CCD002EEF6B /* RxSwift */; };
		8E6456A12C8F7B5C00D019F6 /* FormView.swift in Sources */ = {isa = PBXBuildFile; fileRef = 8E6456A02C8F7B5C00D019F6 /* FormView.swift */; };
		8E67F9ED2C99DDE700869F67 /* MCButton.swift in Sources */ = {isa = PBXBuildFile; fileRef = 8E67F9EC2C99DDE700869F67 /* MCButton.swift */; };
		8E67F9EF2C9F6F4A00869F67 /* TriangleAnimationView.swift in Sources */ = {isa = PBXBuildFile; fileRef = 8E67F9EE2C9F6F4A00869F67 /* TriangleAnimationView.swift */; };
		8EC313EA2C90EC82008A4864 /* UIImage+.swift in Sources */ = {isa = PBXBuildFile; fileRef = 8EC313E92C90EC82008A4864 /* UIImage+.swift */; };
		8EC313EC2C90ECC4008A4864 /* MCSegmentControl.swift in Sources */ = {isa = PBXBuildFile; fileRef = 8EC313EB2C90ECC4008A4864 /* MCSegmentControl.swift */; };
		8ECD381A2C8A309B0005D82A /* MCTextField.swift in Sources */ = {isa = PBXBuildFile; fileRef = 8ECD38192C8A309B0005D82A /* MCTextField.swift */; };
		8ECD381C2C8A42330005D82A /* InsetsTextField.swift in Sources */ = {isa = PBXBuildFile; fileRef = 8ECD381B2C8A42330005D82A /* InsetsTextField.swift */; };
		8ECD381E2C8A42DF0005D82A /* BackgroundAnimateView.swift in Sources */ = {isa = PBXBuildFile; fileRef = 8ECD381D2C8A42DF0005D82A /* BackgroundAnimateView.swift */; };
/* End PBXBuildFile section */

/* Begin PBXCopyFilesBuildPhase section */
		8E1830772C7CFDF9002EEF6B /* Embed Frameworks */ = {
			isa = PBXCopyFilesBuildPhase;
			buildActionMask = 2147483647;
			dstPath = "";
			dstSubfolderSpec = 10;
			files = (
			);
			name = "Embed Frameworks";
			runOnlyForDeploymentPostprocessing = 0;
		};
/* End PBXCopyFilesBuildPhase section */

/* Begin PBXFileReference section */
		8E1830492C7CD695002EEF6B /* Mulchat.app */ = {isa = PBXFileReference; explicitFileType = wrapper.application; includeInIndex = 0; path = Mulchat.app; sourceTree = BUILT_PRODUCTS_DIR; };
		8E18304C2C7CD695002EEF6B /* AppDelegate.swift */ = {isa = PBXFileReference; lastKnownFileType = sourcecode.swift; path = AppDelegate.swift; sourceTree = "<group>"; };
		8E18304E2C7CD695002EEF6B /* SceneDelegate.swift */ = {isa = PBXFileReference; lastKnownFileType = sourcecode.swift; path = SceneDelegate.swift; sourceTree = "<group>"; };
		8E1830552C7CD696002EEF6B /* Colors.xcassets */ = {isa = PBXFileReference; lastKnownFileType = folder.assetcatalog; path = Colors.xcassets; sourceTree = "<group>"; };
		8E1830582C7CD696002EEF6B /* Base */ = {isa = PBXFileReference; lastKnownFileType = file.storyboard; name = Base; path = Base.lproj/LaunchScreen.storyboard; sourceTree = "<group>"; };
		8E18305A2C7CD696002EEF6B /* Info.plist */ = {isa = PBXFileReference; lastKnownFileType = text.plist.xml; path = Info.plist; sourceTree = "<group>"; };
		8E1830632C7CD9F5002EEF6B /* Images.xcassets */ = {isa = PBXFileReference; lastKnownFileType = folder.assetcatalog; path = Images.xcassets; sourceTree = "<group>"; };
		8E1830662C7CF918002EEF6B /* BaseViewController.swift */ = {isa = PBXFileReference; lastKnownFileType = sourcecode.swift; path = BaseViewController.swift; sourceTree = "<group>"; };
		8E1830682C7CF921002EEF6B /* BaseViewModel.swift */ = {isa = PBXFileReference; lastKnownFileType = sourcecode.swift; path = BaseViewModel.swift; sourceTree = "<group>"; };
		8E18306A2C7CF929002EEF6B /* BaseView.swift */ = {isa = PBXFileReference; lastKnownFileType = sourcecode.swift; path = BaseView.swift; sourceTree = "<group>"; };
		8E18306C2C7CFD2F002EEF6B /* UIComponentsContainer.swift */ = {isa = PBXFileReference; lastKnownFileType = sourcecode.swift; path = UIComponentsContainer.swift; sourceTree = "<group>"; };
		8E18307F2C7D0363002EEF6B /* LoginViewController.swift */ = {isa = PBXFileReference; lastKnownFileType = sourcecode.swift; path = LoginViewController.swift; sourceTree = "<group>"; };
		8E1830812C7D0370002EEF6B /* LoginViewModel.swift */ = {isa = PBXFileReference; lastKnownFileType = sourcecode.swift; path = LoginViewModel.swift; sourceTree = "<group>"; };
		8E1830832C7D037B002EEF6B /* LoginView.swift */ = {isa = PBXFileReference; lastKnownFileType = sourcecode.swift; path = LoginView.swift; sourceTree = "<group>"; };
		8E18308A2C7D2455002EEF6B /* Colors.swift */ = {isa = PBXFileReference; lastKnownFileType = sourcecode.swift; path = Colors.swift; sourceTree = "<group>"; };
		8E18308C2C7D2602002EEF6B /* Fonts.swift */ = {isa = PBXFileReference; lastKnownFileType = sourcecode.swift; path = Fonts.swift; sourceTree = "<group>"; };
		8E18308F2C7D27FB002EEF6B /* Ubuntu-Regular.ttf */ = {isa = PBXFileReference; lastKnownFileType = file; path = "Ubuntu-Regular.ttf"; sourceTree = "<group>"; };
		8E1830902C7D27FC002EEF6B /* Ubuntu-Light.ttf */ = {isa = PBXFileReference; lastKnownFileType = file; path = "Ubuntu-Light.ttf"; sourceTree = "<group>"; };
		8E1830912C7D27FC002EEF6B /* Ubuntu-Bold.ttf */ = {isa = PBXFileReference; lastKnownFileType = file; path = "Ubuntu-Bold.ttf"; sourceTree = "<group>"; };
		8E1830922C7D27FC002EEF6B /* Ubuntu-Medium.ttf */ = {isa = PBXFileReference; lastKnownFileType = file; path = "Ubuntu-Medium.ttf"; sourceTree = "<group>"; };
		8E1830982C7D2A84002EEF6B /* GradientView.swift */ = {isa = PBXFileReference; lastKnownFileType = sourcecode.swift; path = GradientView.swift; sourceTree = "<group>"; };
		8E18309B2C7E3307002EEF6B /* UIView+.swift */ = {isa = PBXFileReference; lastKnownFileType = sourcecode.swift; path = "UIView+.swift"; sourceTree = "<group>"; };
		8E18309D2C7E33A0002EEF6B /* UILabel+.swift */ = {isa = PBXFileReference; lastKnownFileType = sourcecode.swift; path = "UILabel+.swift"; sourceTree = "<group>"; };
		8E1830A02C7E5AF3002EEF6B /* LifecycleService.swift */ = {isa = PBXFileReference; lastKnownFileType = sourcecode.swift; path = LifecycleService.swift; sourceTree = "<group>"; };
		8E6456A02C8F7B5C00D019F6 /* FormView.swift */ = {isa = PBXFileReference; lastKnownFileType = sourcecode.swift; path = FormView.swift; sourceTree = "<group>"; };
		8E67F9EC2C99DDE700869F67 /* MCButton.swift */ = {isa = PBXFileReference; lastKnownFileType = sourcecode.swift; path = MCButton.swift; sourceTree = "<group>"; };
		8E67F9EE2C9F6F4A00869F67 /* TriangleAnimationView.swift */ = {isa = PBXFileReference; lastKnownFileType = sourcecode.swift; path = TriangleAnimationView.swift; sourceTree = "<group>"; };
		8EC313E92C90EC82008A4864 /* UIImage+.swift */ = {isa = PBXFileReference; lastKnownFileType = sourcecode.swift; path = "UIImage+.swift"; sourceTree = "<group>"; };
		8EC313EB2C90ECC4008A4864 /* MCSegmentControl.swift */ = {isa = PBXFileReference; lastKnownFileType = sourcecode.swift; path = MCSegmentControl.swift; sourceTree = "<group>"; };
		8ECD38192C8A309B0005D82A /* MCTextField.swift */ = {isa = PBXFileReference; lastKnownFileType = sourcecode.swift; path = MCTextField.swift; sourceTree = "<group>"; };
		8ECD381B2C8A42330005D82A /* InsetsTextField.swift */ = {isa = PBXFileReference; lastKnownFileType = sourcecode.swift; path = InsetsTextField.swift; sourceTree = "<group>"; };
		8ECD381D2C8A42DF0005D82A /* BackgroundAnimateView.swift */ = {isa = PBXFileReference; lastKnownFileType = sourcecode.swift; path = BackgroundAnimateView.swift; sourceTree = "<group>"; };
/* End PBXFileReference section */

/* Begin PBXFrameworksBuildPhase section */
		8E1830462C7CD695002EEF6B /* Frameworks */ = {
			isa = PBXFrameworksBuildPhase;
			buildActionMask = 2147483647;
			files = (
				8E1830A42C7E5CC1002EEF6B /* RxCocoa in Frameworks */,
				8E18307A2C7CFED7002EEF6B /* Swinject in Frameworks */,
				8E1830A82C7E5CCD002EEF6B /* RxSwift in Frameworks */,
				8E1830A62C7E5CC6002EEF6B /* RxRelay in Frameworks */,
				8E1830872C7D1FC1002EEF6B /* SnapKit in Frameworks */,
			);
			runOnlyForDeploymentPostprocessing = 0;
		};
/* End PBXFrameworksBuildPhase section */

/* Begin PBXGroup section */
		8E1830402C7CD695002EEF6B = {
			isa = PBXGroup;
			children = (
				8E18304B2C7CD695002EEF6B /* Mulchat */,
				8E18304A2C7CD695002EEF6B /* Products */,
				8E1830732C7CFDF9002EEF6B /* Frameworks */,
			);
			sourceTree = "<group>";
		};
		8E18304A2C7CD695002EEF6B /* Products */ = {
			isa = PBXGroup;
			children = (
				8E1830492C7CD695002EEF6B /* Mulchat.app */,
			);
			name = Products;
			sourceTree = "<group>";
		};
		8E18304B2C7CD695002EEF6B /* Mulchat */ = {
			isa = PBXGroup;
			children = (
				8E18309F2C7E5A90002EEF6B /* 🧠Services */,
				8E1830622C7CD944002EEF6B /* 💰Resources */,
				8E1830612C7CD939002EEF6B /* 💻System */,
				8E1830602C7CD92D002EEF6B /* 🌅UI */,
			);
			path = Mulchat;
			sourceTree = "<group>";
		};
		8E1830602C7CD92D002EEF6B /* 🌅UI */ = {
			isa = PBXGroup;
			children = (
				8E18309A2C7E32FC002EEF6B /* Extensions */,
				8E1830972C7D2A77002EEF6B /* Components */,
				8E18307E2C7D0345002EEF6B /* Login */,
				8E1830652C7CF883002EEF6B /* 🍺Base */,
			);
			path = "🌅UI";
			sourceTree = "<group>";
		};
		8E1830612C7CD939002EEF6B /* 💻System */ = {
			isa = PBXGroup;
			children = (
				8E18304C2C7CD695002EEF6B /* AppDelegate.swift */,
				8E18304E2C7CD695002EEF6B /* SceneDelegate.swift */,
				8E18305A2C7CD696002EEF6B /* Info.plist */,
			);
			path = "💻System";
			sourceTree = "<group>";
		};
		8E1830622C7CD944002EEF6B /* 💰Resources */ = {
			isa = PBXGroup;
			children = (
				8E1830552C7CD696002EEF6B /* Colors.xcassets */,
				8E1830632C7CD9F5002EEF6B /* Images.xcassets */,
				8E1830572C7CD696002EEF6B /* LaunchScreen.storyboard */,
				8E18308A2C7D2455002EEF6B /* Colors.swift */,
				8E18308E2C7D2777002EEF6B /* Fonts */,
			);
			path = "💰Resources";
			sourceTree = "<group>";
		};
		8E1830652C7CF883002EEF6B /* 🍺Base */ = {
			isa = PBXGroup;
			children = (
				8E1830662C7CF918002EEF6B /* BaseViewController.swift */,
				8E1830682C7CF921002EEF6B /* BaseViewModel.swift */,
				8E18306A2C7CF929002EEF6B /* BaseView.swift */,
				8E18306C2C7CFD2F002EEF6B /* UIComponentsContainer.swift */,
			);
			path = "🍺Base";
			sourceTree = "<group>";
		};
		8E1830732C7CFDF9002EEF6B /* Frameworks */ = {
			isa = PBXGroup;
			children = (
			);
			name = Frameworks;
			sourceTree = "<group>";
		};
		8E18307E2C7D0345002EEF6B /* Login */ = {
			isa = PBXGroup;
			children = (
				8E18307F2C7D0363002EEF6B /* LoginViewController.swift */,
				8E1830812C7D0370002EEF6B /* LoginViewModel.swift */,
				8E1830832C7D037B002EEF6B /* LoginView.swift */,
			);
			path = Login;
			sourceTree = "<group>";
		};
		8E18308E2C7D2777002EEF6B /* Fonts */ = {
			isa = PBXGroup;
			children = (
				8E1830912C7D27FC002EEF6B /* Ubuntu-Bold.ttf */,
				8E1830902C7D27FC002EEF6B /* Ubuntu-Light.ttf */,
				8E1830922C7D27FC002EEF6B /* Ubuntu-Medium.ttf */,
				8E18308F2C7D27FB002EEF6B /* Ubuntu-Regular.ttf */,
				8E18308C2C7D2602002EEF6B /* Fonts.swift */,
			);
			path = Fonts;
			sourceTree = "<group>";
		};
		8E1830972C7D2A77002EEF6B /* Components */ = {
			isa = PBXGroup;
			children = (
				8E1830982C7D2A84002EEF6B /* GradientView.swift */,
				8EC313EB2C90ECC4008A4864 /* MCSegmentControl.swift */,
				8ECD38192C8A309B0005D82A /* MCTextField.swift */,
				8ECD381B2C8A42330005D82A /* InsetsTextField.swift */,
				8ECD381D2C8A42DF0005D82A /* BackgroundAnimateView.swift */,
				8E6456A02C8F7B5C00D019F6 /* FormView.swift */,
				8E67F9EC2C99DDE700869F67 /* MCButton.swift */,
				8E67F9EE2C9F6F4A00869F67 /* TriangleAnimationView.swift */,
			);
			path = Components;
			sourceTree = "<group>";
		};
		8E18309A2C7E32FC002EEF6B /* Extensions */ = {
			isa = PBXGroup;
			children = (
				8E18309B2C7E3307002EEF6B /* UIView+.swift */,
				8E18309D2C7E33A0002EEF6B /* UILabel+.swift */,
				8EC313E92C90EC82008A4864 /* UIImage+.swift */,
			);
			path = Extensions;
			sourceTree = "<group>";
		};
		8E18309F2C7E5A90002EEF6B /* 🧠Services */ = {
			isa = PBXGroup;
			children = (
				8E1830A02C7E5AF3002EEF6B /* LifecycleService.swift */,
			);
			path = "🧠Services";
			sourceTree = "<group>";
		};
/* End PBXGroup section */

/* Begin PBXNativeTarget section */
		8E1830482C7CD695002EEF6B /* Mulchat */ = {
			isa = PBXNativeTarget;
			buildConfigurationList = 8E18305D2C7CD696002EEF6B /* Build configuration list for PBXNativeTarget "Mulchat" */;
			buildPhases = (
				8E1830452C7CD695002EEF6B /* Sources */,
				8E1830462C7CD695002EEF6B /* Frameworks */,
				8E1830472C7CD695002EEF6B /* Resources */,
				8E1830772C7CFDF9002EEF6B /* Embed Frameworks */,
			);
			buildRules = (
			);
			dependencies = (
			);
			name = Mulchat;
			packageProductDependencies = (
				8E1830792C7CFED7002EEF6B /* Swinject */,
				8E1830862C7D1FC1002EEF6B /* SnapKit */,
				8E1830A32C7E5CC1002EEF6B /* RxCocoa */,
				8E1830A52C7E5CC6002EEF6B /* RxRelay */,
				8E1830A72C7E5CCD002EEF6B /* RxSwift */,
			);
			productName = Mulchat;
			productReference = 8E1830492C7CD695002EEF6B /* Mulchat.app */;
			productType = "com.apple.product-type.application";
		};
/* End PBXNativeTarget section */

/* Begin PBXProject section */
		8E1830412C7CD695002EEF6B /* Project object */ = {
			isa = PBXProject;
			attributes = {
				BuildIndependentTargetsInParallel = 1;
				LastSwiftUpdateCheck = 1540;
				LastUpgradeCheck = 1540;
				TargetAttributes = {
					8E1830482C7CD695002EEF6B = {
						CreatedOnToolsVersion = 15.4;
					};
				};
			};
			buildConfigurationList = 8E1830442C7CD695002EEF6B /* Build configuration list for PBXProject "Mulchat" */;
			compatibilityVersion = "Xcode 14.0";
			developmentRegion = en;
			hasScannedForEncodings = 0;
			knownRegions = (
				en,
				Base,
			);
			mainGroup = 8E1830402C7CD695002EEF6B;
			packageReferences = (
				8E1830782C7CFED7002EEF6B /* XCRemoteSwiftPackageReference "Swinject" */,
				8E1830852C7D1FC1002EEF6B /* XCRemoteSwiftPackageReference "SnapKit" */,
				8E1830A22C7E5C8F002EEF6B /* XCRemoteSwiftPackageReference "RxSwift" */,
				8E2BDA6A2CA1FA5800941DE1 /* XCRemoteSwiftPackageReference "lottie-spm" */,
			);
			productRefGroup = 8E18304A2C7CD695002EEF6B /* Products */;
			projectDirPath = "";
			projectRoot = "";
			targets = (
				8E1830482C7CD695002EEF6B /* Mulchat */,
			);
		};
/* End PBXProject section */

/* Begin PBXResourcesBuildPhase section */
		8E1830472C7CD695002EEF6B /* Resources */ = {
			isa = PBXResourcesBuildPhase;
			buildActionMask = 2147483647;
			files = (
				8E1830932C7D27FC002EEF6B /* Ubuntu-Regular.ttf in Resources */,
				8E1830642C7CD9F5002EEF6B /* Images.xcassets in Resources */,
				8E1830962C7D27FC002EEF6B /* Ubuntu-Medium.ttf in Resources */,
				8E1830952C7D27FC002EEF6B /* Ubuntu-Bold.ttf in Resources */,
				8E1830942C7D27FC002EEF6B /* Ubuntu-Light.ttf in Resources */,
				8E1830562C7CD696002EEF6B /* Colors.xcassets in Resources */,
				8E1830592C7CD696002EEF6B /* Base in Resources */,
			);
			runOnlyForDeploymentPostprocessing = 0;
		};
/* End PBXResourcesBuildPhase section */

/* Begin PBXSourcesBuildPhase section */
		8E1830452C7CD695002EEF6B /* Sources */ = {
			isa = PBXSourcesBuildPhase;
			buildActionMask = 2147483647;
			files = (
				8E1830692C7CF921002EEF6B /* BaseViewModel.swift in Sources */,
				8E18308B2C7D2455002EEF6B /* Colors.swift in Sources */,
				8ECD381C2C8A42330005D82A /* InsetsTextField.swift in Sources */,
				8E1830992C7D2A84002EEF6B /* GradientView.swift in Sources */,
				8ECD381E2C8A42DF0005D82A /* BackgroundAnimateView.swift in Sources */,
				8E1830672C7CF918002EEF6B /* BaseViewController.swift in Sources */,
				8E18309E2C7E33A0002EEF6B /* UILabel+.swift in Sources */,
				8ECD381A2C8A309B0005D82A /* MCTextField.swift in Sources */,
				8E18306B2C7CF929002EEF6B /* BaseView.swift in Sources */,
				8E67F9EF2C9F6F4A00869F67 /* TriangleAnimationView.swift in Sources */,
				8E1830802C7D0363002EEF6B /* LoginViewController.swift in Sources */,
				8EC313EC2C90ECC4008A4864 /* MCSegmentControl.swift in Sources */,
				8E18304D2C7CD695002EEF6B /* AppDelegate.swift in Sources */,
				8E18306D2C7CFD2F002EEF6B /* UIComponentsContainer.swift in Sources */,
				8E18304F2C7CD695002EEF6B /* SceneDelegate.swift in Sources */,
				8E18308D2C7D2602002EEF6B /* Fonts.swift in Sources */,
				8E1830A12C7E5AF3002EEF6B /* LifecycleService.swift in Sources */,
				8E18309C2C7E3307002EEF6B /* UIView+.swift in Sources */,
				8E1830842C7D037B002EEF6B /* LoginView.swift in Sources */,
				8EC313EA2C90EC82008A4864 /* UIImage+.swift in Sources */,
				8E6456A12C8F7B5C00D019F6 /* FormView.swift in Sources */,
				8E1830822C7D0370002EEF6B /* LoginViewModel.swift in Sources */,
				8E67F9ED2C99DDE700869F67 /* MCButton.swift in Sources */,
			);
			runOnlyForDeploymentPostprocessing = 0;
		};
/* End PBXSourcesBuildPhase section */

/* Begin PBXVariantGroup section */
		8E1830572C7CD696002EEF6B /* LaunchScreen.storyboard */ = {
			isa = PBXVariantGroup;
			children = (
				8E1830582C7CD696002EEF6B /* Base */,
			);
			name = LaunchScreen.storyboard;
			sourceTree = "<group>";
		};
/* End PBXVariantGroup section */

/* Begin XCBuildConfiguration section */
		8E18305B2C7CD696002EEF6B /* Debug */ = {
			isa = XCBuildConfiguration;
			buildSettings = {
				ALWAYS_SEARCH_USER_PATHS = NO;
				ASSETCATALOG_COMPILER_GENERATE_SWIFT_ASSET_SYMBOL_EXTENSIONS = YES;
				CLANG_ANALYZER_NONNULL = YES;
				CLANG_ANALYZER_NUMBER_OBJECT_CONVERSION = YES_AGGRESSIVE;
				CLANG_CXX_LANGUAGE_STANDARD = "gnu++20";
				CLANG_ENABLE_MODULES = YES;
				CLANG_ENABLE_OBJC_ARC = YES;
				CLANG_ENABLE_OBJC_WEAK = YES;
				CLANG_WARN_BLOCK_CAPTURE_AUTORELEASING = YES;
				CLANG_WARN_BOOL_CONVERSION = YES;
				CLANG_WARN_COMMA = YES;
				CLANG_WARN_CONSTANT_CONVERSION = YES;
				CLANG_WARN_DEPRECATED_OBJC_IMPLEMENTATIONS = YES;
				CLANG_WARN_DIRECT_OBJC_ISA_USAGE = YES_ERROR;
				CLANG_WARN_DOCUMENTATION_COMMENTS = YES;
				CLANG_WARN_EMPTY_BODY = YES;
				CLANG_WARN_ENUM_CONVERSION = YES;
				CLANG_WARN_INFINITE_RECURSION = YES;
				CLANG_WARN_INT_CONVERSION = YES;
				CLANG_WARN_NON_LITERAL_NULL_CONVERSION = YES;
				CLANG_WARN_OBJC_IMPLICIT_RETAIN_SELF = YES;
				CLANG_WARN_OBJC_LITERAL_CONVERSION = YES;
				CLANG_WARN_OBJC_ROOT_CLASS = YES_ERROR;
				CLANG_WARN_QUOTED_INCLUDE_IN_FRAMEWORK_HEADER = YES;
				CLANG_WARN_RANGE_LOOP_ANALYSIS = YES;
				CLANG_WARN_STRICT_PROTOTYPES = YES;
				CLANG_WARN_SUSPICIOUS_MOVE = YES;
				CLANG_WARN_UNGUARDED_AVAILABILITY = YES_AGGRESSIVE;
				CLANG_WARN_UNREACHABLE_CODE = YES;
				CLANG_WARN__DUPLICATE_METHOD_MATCH = YES;
				COPY_PHASE_STRIP = NO;
				DEBUG_INFORMATION_FORMAT = dwarf;
				ENABLE_STRICT_OBJC_MSGSEND = YES;
				ENABLE_TESTABILITY = YES;
				ENABLE_USER_SCRIPT_SANDBOXING = YES;
				GCC_C_LANGUAGE_STANDARD = gnu17;
				GCC_DYNAMIC_NO_PIC = NO;
				GCC_NO_COMMON_BLOCKS = YES;
				GCC_OPTIMIZATION_LEVEL = 0;
				GCC_PREPROCESSOR_DEFINITIONS = (
					"DEBUG=1",
					"$(inherited)",
				);
				GCC_WARN_64_TO_32_BIT_CONVERSION = YES;
				GCC_WARN_ABOUT_RETURN_TYPE = YES_ERROR;
				GCC_WARN_UNDECLARED_SELECTOR = YES;
				GCC_WARN_UNINITIALIZED_AUTOS = YES_AGGRESSIVE;
				GCC_WARN_UNUSED_FUNCTION = YES;
				GCC_WARN_UNUSED_VARIABLE = YES;
				IPHONEOS_DEPLOYMENT_TARGET = 17.5;
				LOCALIZATION_PREFERS_STRING_CATALOGS = YES;
				MTL_ENABLE_DEBUG_INFO = INCLUDE_SOURCE;
				MTL_FAST_MATH = YES;
				ONLY_ACTIVE_ARCH = YES;
				SDKROOT = iphoneos;
				SWIFT_ACTIVE_COMPILATION_CONDITIONS = "DEBUG $(inherited)";
				SWIFT_OPTIMIZATION_LEVEL = "-Onone";
			};
			name = Debug;
		};
		8E18305C2C7CD696002EEF6B /* Release */ = {
			isa = XCBuildConfiguration;
			buildSettings = {
				ALWAYS_SEARCH_USER_PATHS = NO;
				ASSETCATALOG_COMPILER_GENERATE_SWIFT_ASSET_SYMBOL_EXTENSIONS = YES;
				CLANG_ANALYZER_NONNULL = YES;
				CLANG_ANALYZER_NUMBER_OBJECT_CONVERSION = YES_AGGRESSIVE;
				CLANG_CXX_LANGUAGE_STANDARD = "gnu++20";
				CLANG_ENABLE_MODULES = YES;
				CLANG_ENABLE_OBJC_ARC = YES;
				CLANG_ENABLE_OBJC_WEAK = YES;
				CLANG_WARN_BLOCK_CAPTURE_AUTORELEASING = YES;
				CLANG_WARN_BOOL_CONVERSION = YES;
				CLANG_WARN_COMMA = YES;
				CLANG_WARN_CONSTANT_CONVERSION = YES;
				CLANG_WARN_DEPRECATED_OBJC_IMPLEMENTATIONS = YES;
				CLANG_WARN_DIRECT_OBJC_ISA_USAGE = YES_ERROR;
				CLANG_WARN_DOCUMENTATION_COMMENTS = YES;
				CLANG_WARN_EMPTY_BODY = YES;
				CLANG_WARN_ENUM_CONVERSION = YES;
				CLANG_WARN_INFINITE_RECURSION = YES;
				CLANG_WARN_INT_CONVERSION = YES;
				CLANG_WARN_NON_LITERAL_NULL_CONVERSION = YES;
				CLANG_WARN_OBJC_IMPLICIT_RETAIN_SELF = YES;
				CLANG_WARN_OBJC_LITERAL_CONVERSION = YES;
				CLANG_WARN_OBJC_ROOT_CLASS = YES_ERROR;
				CLANG_WARN_QUOTED_INCLUDE_IN_FRAMEWORK_HEADER = YES;
				CLANG_WARN_RANGE_LOOP_ANALYSIS = YES;
				CLANG_WARN_STRICT_PROTOTYPES = YES;
				CLANG_WARN_SUSPICIOUS_MOVE = YES;
				CLANG_WARN_UNGUARDED_AVAILABILITY = YES_AGGRESSIVE;
				CLANG_WARN_UNREACHABLE_CODE = YES;
				CLANG_WARN__DUPLICATE_METHOD_MATCH = YES;
				COPY_PHASE_STRIP = NO;
				DEBUG_INFORMATION_FORMAT = "dwarf-with-dsym";
				ENABLE_NS_ASSERTIONS = NO;
				ENABLE_STRICT_OBJC_MSGSEND = YES;
				ENABLE_USER_SCRIPT_SANDBOXING = YES;
				GCC_C_LANGUAGE_STANDARD = gnu17;
				GCC_NO_COMMON_BLOCKS = YES;
				GCC_WARN_64_TO_32_BIT_CONVERSION = YES;
				GCC_WARN_ABOUT_RETURN_TYPE = YES_ERROR;
				GCC_WARN_UNDECLARED_SELECTOR = YES;
				GCC_WARN_UNINITIALIZED_AUTOS = YES_AGGRESSIVE;
				GCC_WARN_UNUSED_FUNCTION = YES;
				GCC_WARN_UNUSED_VARIABLE = YES;
				IPHONEOS_DEPLOYMENT_TARGET = 17.5;
				LOCALIZATION_PREFERS_STRING_CATALOGS = YES;
				MTL_ENABLE_DEBUG_INFO = NO;
				MTL_FAST_MATH = YES;
				SDKROOT = iphoneos;
				SWIFT_COMPILATION_MODE = wholemodule;
				VALIDATE_PRODUCT = YES;
			};
			name = Release;
		};
		8E18305E2C7CD696002EEF6B /* Debug */ = {
			isa = XCBuildConfiguration;
			buildSettings = {
				ASSETCATALOG_COMPILER_APPICON_NAME = AppIcon;
				ASSETCATALOG_COMPILER_GLOBAL_ACCENT_COLOR_NAME = AccentColor;
				CODE_SIGN_STYLE = Automatic;
				CURRENT_PROJECT_VERSION = 1;
				DEVELOPMENT_TEAM = 955DP87LHM;
				GENERATE_INFOPLIST_FILE = YES;
				INFOPLIST_FILE = "Mulchat/💻System/Info.plist";
				INFOPLIST_KEY_UIApplicationSupportsIndirectInputEvents = YES;
				INFOPLIST_KEY_UILaunchStoryboardName = LaunchScreen;
				INFOPLIST_KEY_UIMainStoryboardFile = "";
				INFOPLIST_KEY_UIRequiresFullScreen = YES;
				INFOPLIST_KEY_UISupportedInterfaceOrientations = UIInterfaceOrientationPortrait;
				LD_RUNPATH_SEARCH_PATHS = (
					"$(inherited)",
					"@executable_path/Frameworks",
				);
				MARKETING_VERSION = 1.0;
				PRODUCT_BUNDLE_IDENTIFIER = Nebo.Mulchat;
				PRODUCT_NAME = "$(TARGET_NAME)";
				SWIFT_EMIT_LOC_STRINGS = YES;
				SWIFT_VERSION = 5.0;
				TARGETED_DEVICE_FAMILY = "1,2";
			};
			name = Debug;
		};
		8E18305F2C7CD696002EEF6B /* Release */ = {
			isa = XCBuildConfiguration;
			buildSettings = {
				ASSETCATALOG_COMPILER_APPICON_NAME = AppIcon;
				ASSETCATALOG_COMPILER_GLOBAL_ACCENT_COLOR_NAME = AccentColor;
				CODE_SIGN_STYLE = Automatic;
				CURRENT_PROJECT_VERSION = 1;
				DEVELOPMENT_TEAM = 955DP87LHM;
				GENERATE_INFOPLIST_FILE = YES;
				INFOPLIST_FILE = "Mulchat/💻System/Info.plist";
				INFOPLIST_KEY_UIApplicationSupportsIndirectInputEvents = YES;
				INFOPLIST_KEY_UILaunchStoryboardName = LaunchScreen;
				INFOPLIST_KEY_UIMainStoryboardFile = "";
				INFOPLIST_KEY_UIRequiresFullScreen = YES;
				INFOPLIST_KEY_UISupportedInterfaceOrientations = UIInterfaceOrientationPortrait;
				LD_RUNPATH_SEARCH_PATHS = (
					"$(inherited)",
					"@executable_path/Frameworks",
				);
				MARKETING_VERSION = 1.0;
				PRODUCT_BUNDLE_IDENTIFIER = Nebo.Mulchat;
				PRODUCT_NAME = "$(TARGET_NAME)";
				SWIFT_EMIT_LOC_STRINGS = YES;
				SWIFT_VERSION = 5.0;
				TARGETED_DEVICE_FAMILY = "1,2";
			};
			name = Release;
		};
/* End XCBuildConfiguration section */

/* Begin XCConfigurationList section */
		8E1830442C7CD695002EEF6B /* Build configuration list for PBXProject "Mulchat" */ = {
			isa = XCConfigurationList;
			buildConfigurations = (
				8E18305B2C7CD696002EEF6B /* Debug */,
				8E18305C2C7CD696002EEF6B /* Release */,
			);
			defaultConfigurationIsVisible = 0;
			defaultConfigurationName = Release;
		};
		8E18305D2C7CD696002EEF6B /* Build configuration list for PBXNativeTarget "Mulchat" */ = {
			isa = XCConfigurationList;
			buildConfigurations = (
				8E18305E2C7CD696002EEF6B /* Debug */,
				8E18305F2C7CD696002EEF6B /* Release */,
			);
			defaultConfigurationIsVisible = 0;
			defaultConfigurationName = Release;
		};
/* End XCConfigurationList section */

/* Begin XCRemoteSwiftPackageReference section */
		8E1830782C7CFED7002EEF6B /* XCRemoteSwiftPackageReference "Swinject" */ = {
			isa = XCRemoteSwiftPackageReference;
			repositoryURL = "https://github.com/Swinject/Swinject.git";
			requirement = {
				kind = upToNextMajorVersion;
				minimumVersion = 2.9.1;
			};
		};
		8E1830852C7D1FC1002EEF6B /* XCRemoteSwiftPackageReference "SnapKit" */ = {
			isa = XCRemoteSwiftPackageReference;
			repositoryURL = "https://github.com/SnapKit/SnapKit.git";
			requirement = {
				kind = upToNextMajorVersion;
				minimumVersion = 5.7.1;
			};
		};
		8E1830A22C7E5C8F002EEF6B /* XCRemoteSwiftPackageReference "RxSwift" */ = {
			isa = XCRemoteSwiftPackageReference;
			repositoryURL = "https://github.com/ReactiveX/RxSwift.git";
			requirement = {
				kind = upToNextMajorVersion;
				minimumVersion = 6.7.1;
			};
		};
		8E2BDA6A2CA1FA5800941DE1 /* XCRemoteSwiftPackageReference "lottie-spm" */ = {
			isa = XCRemoteSwiftPackageReference;
			repositoryURL = "https://github.com/airbnb/lottie-spm.git";
			requirement = {
				kind = upToNextMajorVersion;
				minimumVersion = 4.5.0;
			};
		};
/* End XCRemoteSwiftPackageReference section */

/* Begin XCSwiftPackageProductDependency section */
		8E1830792C7CFED7002EEF6B /* Swinject */ = {
			isa = XCSwiftPackageProductDependency;
			package = 8E1830782C7CFED7002EEF6B /* XCRemoteSwiftPackageReference "Swinject" */;
			productName = Swinject;
		};
		8E1830862C7D1FC1002EEF6B /* SnapKit */ = {
			isa = XCSwiftPackageProductDependency;
			package = 8E1830852C7D1FC1002EEF6B /* XCRemoteSwiftPackageReference "SnapKit" */;
			productName = SnapKit;
		};
		8E1830A32C7E5CC1002EEF6B /* RxCocoa */ = {
			isa = XCSwiftPackageProductDependency;
			package = 8E1830A22C7E5C8F002EEF6B /* XCRemoteSwiftPackageReference "RxSwift" */;
			productName = RxCocoa;
		};
		8E1830A52C7E5CC6002EEF6B /* RxRelay */ = {
			isa = XCSwiftPackageProductDependency;
			package = 8E1830A22C7E5C8F002EEF6B /* XCRemoteSwiftPackageReference "RxSwift" */;
			productName = RxRelay;
		};
		8E1830A72C7E5CCD002EEF6B /* RxSwift */ = {
			isa = XCSwiftPackageProductDependency;
			package = 8E1830A22C7E5C8F002EEF6B /* XCRemoteSwiftPackageReference "RxSwift" */;
			productName = RxSwift;
		};
/* End XCSwiftPackageProductDependency section */
	};
	rootObject = 8E1830412C7CD695002EEF6B /* Project object */;
}
